
Microsoft Visual Studio Solution File, Format Version 12.00
# Visual Studio Version 17
VisualStudioVersion = 17.12.35521.163 d17.12
MinimumVisualStudioVersion = 10.0.40219.1
Project("{FAE04EC0-301F-11D3-BF4B-00C04F79EFBC}") = "SistemaAutoPartesAPI", "SistemaAutoPartesAPI.csproj", "{F2B39DAB-3F6F-425D-A133-863FE55B09DC}"
EndProject
Global
	GlobalSection(SolutionConfigurationPlatforms) = preSolution
		Debug|Any CPU = Debug|Any CPU
		Release|Any CPU = Release|Any CPU
	EndGlobalSection
	GlobalSection(ProjectConfigurationPlatforms) = postSolution
		{F2B39DAB-3F6F-425D-A133-863FE55B09DC}.Debug|Any CPU.ActiveCfg = Debug|Any CPU
		{F2B39DAB-3F6F-425D-A133-863FE55B09DC}.Debug|Any CPU.Build.0 = Debug|Any CPU
		{F2B39DAB-3F6F-425D-A133-863FE55B09DC}.Release|Any CPU.ActiveCfg = Release|Any CPU
		{F2B39DAB-3F6F-425D-A133-863FE55B09DC}.Release|Any CPU.Build.0 = Release|Any CPU
	EndGlobalSection
	GlobalSection(SolutionProperties) = preSolution
		HideSolutionNode = FALSE
	EndGlobalSection
EndGlobal
